// !$*UTF8*$!
{
	archiveVersion = 1;
	classes = {
	};
	objectVersion = 56;
	objects = {

/* Begin PBXBuildFile section */
		EC2E3FC22A54766C00E1ED8D /* BookwormApp.swift in Sources */ = {isa = PBXBuildFile; fileRef = EC2E3FC12A54766C00E1ED8D /* BookwormApp.swift */; };
		EC2E3FC42A54766C00E1ED8D /* ContentView.swift in Sources */ = {isa = PBXBuildFile; fileRef = EC2E3FC32A54766C00E1ED8D /* ContentView.swift */; };
		EC2E3FC62A54766E00E1ED8D /* Assets.xcassets in Resources */ = {isa = PBXBuildFile; fileRef = EC2E3FC52A54766E00E1ED8D /* Assets.xcassets */; };
		EC2E3FC92A54766E00E1ED8D /* Preview Assets.xcassets in Resources */ = {isa = PBXBuildFile; fileRef = EC2E3FC82A54766E00E1ED8D /* Preview Assets.xcassets */; };
		EC2E3FD12A54767B00E1ED8D /* Bookworm.xcdatamodeld in Sources */ = {isa = PBXBuildFile; fileRef = EC2E3FCF2A54767B00E1ED8D /* Bookworm.xcdatamodeld */; };
		EC2E3FD32A54782500E1ED8D /* AddBookView.swift in Sources */ = {isa = PBXBuildFile; fileRef = EC2E3FD22A54782500E1ED8D /* AddBookView.swift */; };
		EC2E3FD52A547B2A00E1ED8D /* DataController.swift in Sources */ = {isa = PBXBuildFile; fileRef = EC2E3FD42A547B2A00E1ED8D /* DataController.swift */; };
		EC2E3FD72A547E5300E1ED8D /* RatingView.swift in Sources */ = {isa = PBXBuildFile; fileRef = EC2E3FD62A547E5300E1ED8D /* RatingView.swift */; };
		EC2E3FD92A54806A00E1ED8D /* EmojiRatingView.swift in Sources */ = {isa = PBXBuildFile; fileRef = EC2E3FD82A54806A00E1ED8D /* EmojiRatingView.swift */; };
		EC2E3FDB2A55D0AA00E1ED8D /* DetailView.swift in Sources */ = {isa = PBXBuildFile; fileRef = EC2E3FDA2A55D0AA00E1ED8D /* DetailView.swift */; };
/* End PBXBuildFile section */

/* Begin PBXFileReference section */
		EC2E3FBE2A54766C00E1ED8D /* Bookworm.app */ = {isa = PBXFileReference; explicitFileType = wrapper.application; includeInIndex = 0; path = Bookworm.app; sourceTree = BUILT_PRODUCTS_DIR; };
		EC2E3FC12A54766C00E1ED8D /* BookwormApp.swift */ = {isa = PBXFileReference; lastKnownFileType = sourcecode.swift; path = BookwormApp.swift; sourceTree = "<group>"; };
		EC2E3FC32A54766C00E1ED8D /* ContentView.swift */ = {isa = PBXFileReference; lastKnownFileType = sourcecode.swift; path = ContentView.swift; sourceTree = "<group>"; };
		EC2E3FC52A54766E00E1ED8D /* Assets.xcassets */ = {isa = PBXFileReference; lastKnownFileType = folder.assetcatalog; path = Assets.xcassets; sourceTree = "<group>"; };
		EC2E3FC82A54766E00E1ED8D /* Preview Assets.xcassets */ = {isa = PBXFileReference; lastKnownFileType = folder.assetcatalog; path = "Preview Assets.xcassets"; sourceTree = "<group>"; };
		EC2E3FD02A54767B00E1ED8D /* Bookworm.xcdatamodel */ = {isa = PBXFileReference; lastKnownFileType = wrapper.xcdatamodel; path = Bookworm.xcdatamodel; sourceTree = "<group>"; };
		EC2E3FD22A54782500E1ED8D /* AddBookView.swift */ = {isa = PBXFileReference; lastKnownFileType = sourcecode.swift; path = AddBookView.swift; sourceTree = "<group>"; };
		EC2E3FD42A547B2A00E1ED8D /* DataController.swift */ = {isa = PBXFileReference; lastKnownFileType = sourcecode.swift; path = DataController.swift; sourceTree = "<group>"; };
		EC2E3FD62A547E5300E1ED8D /* RatingView.swift */ = {isa = PBXFileReference; lastKnownFileType = sourcecode.swift; path = RatingView.swift; sourceTree = "<group>"; };
		EC2E3FD82A54806A00E1ED8D /* EmojiRatingView.swift */ = {isa = PBXFileReference; lastKnownFileType = sourcecode.swift; path = EmojiRatingView.swift; sourceTree = "<group>"; };
		EC2E3FDA2A55D0AA00E1ED8D /* DetailView.swift */ = {isa = PBXFileReference; lastKnownFileType = sourcecode.swift; path = DetailView.swift; sourceTree = "<group>"; };
/* End PBXFileReference section */

/* Begin PBXFrameworksBuildPhase section */
		EC2E3FBB2A54766C00E1ED8D /* Frameworks */ = {
			isa = PBXFrameworksBuildPhase;
			buildActionMask = 2147483647;
			files = (
			);
			runOnlyForDeploymentPostprocessing = 0;
		};
/* End PBXFrameworksBuildPhase section */

/* Begin PBXGroup section */
		EC2E3FB52A54766C00E1ED8D = {
			isa = PBXGroup;
			children = (
				EC2E3FCF2A54767B00E1ED8D /* Bookworm.xcdatamodeld */,
				EC2E3FC02A54766C00E1ED8D /* Bookworm */,
				EC2E3FBF2A54766C00E1ED8D /* Products */,
			);
			sourceTree = "<group>";
		};
		EC2E3FBF2A54766C00E1ED8D /* Products */ = {
			isa = PBXGroup;
			children = (
				EC2E3FBE2A54766C00E1ED8D /* Bookworm.app */,
			);
			name = Products;
			sourceTree = "<group>";
		};
		EC2E3FC02A54766C00E1ED8D /* Bookworm */ = {
			isa = PBXGroup;
			children = (
				EC2E3FC12A54766C00E1ED8D /* BookwormApp.swift */,
				EC2E3FD22A54782500E1ED8D /* AddBookView.swift */,
				EC2E3FD82A54806A00E1ED8D /* EmojiRatingView.swift */,
				EC2E3FC32A54766C00E1ED8D /* ContentView.swift */,
				EC2E3FD62A547E5300E1ED8D /* RatingView.swift */,
				EC2E3FD42A547B2A00E1ED8D /* DataController.swift */,
				EC2E3FC52A54766E00E1ED8D /* Assets.xcassets */,
				EC2E3FC72A54766E00E1ED8D /* Preview Content */,
				EC2E3FDA2A55D0AA00E1ED8D /* DetailView.swift */,
			);
			path = Bookworm;
			sourceTree = "<group>";
		};
		EC2E3FC72A54766E00E1ED8D /* Preview Content */ = {
			isa = PBXGroup;
			children = (
				EC2E3FC82A54766E00E1ED8D /* Preview Assets.xcassets */,
			);
			path = "Preview Content";
			sourceTree = "<group>";
		};
/* End PBXGroup section */

/* Begin PBXNativeTarget section */
		EC2E3FBD2A54766C00E1ED8D /* Bookworm */ = {
			isa = PBXNativeTarget;
			buildConfigurationList = EC2E3FCC2A54766E00E1ED8D /* Build configuration list for PBXNativeTarget "Bookworm" */;
			buildPhases = (
				EC2E3FBA2A54766C00E1ED8D /* Sources */,
				EC2E3FBB2A54766C00E1ED8D /* Frameworks */,
				EC2E3FBC2A54766C00E1ED8D /* Resources */,
			);
			buildRules = (
			);
			dependencies = (
			);
			name = Bookworm;
			productName = Bookworm;
			productReference = EC2E3FBE2A54766C00E1ED8D /* Bookworm.app */;
			productType = "com.apple.product-type.application";
		};
/* End PBXNativeTarget section */

/* Begin PBXProject section */
		EC2E3FB62A54766C00E1ED8D /* Project object */ = {
			isa = PBXProject;
			attributes = {
				BuildIndependentTargetsInParallel = 1;
				LastSwiftUpdateCheck = 1430;
				LastUpgradeCheck = 1430;
				TargetAttributes = {
					EC2E3FBD2A54766C00E1ED8D = {
						CreatedOnToolsVersion = 14.3.1;
					};
				};
			};
			buildConfigurationList = EC2E3FB92A54766C00E1ED8D /* Build configuration list for PBXProject "Bookworm" */;
			compatibilityVersion = "Xcode 14.0";
			developmentRegion = en;
			hasScannedForEncodings = 0;
			knownRegions = (
				en,
				Base,
			);
			mainGroup = EC2E3FB52A54766C00E1ED8D;
			productRefGroup = EC2E3FBF2A54766C00E1ED8D /* Products */;
			projectDirPath = "";
			projectRoot = "";
			targets = (
				EC2E3FBD2A54766C00E1ED8D /* Bookworm */,
			);
		};
/* End PBXProject section */

/* Begin PBXResourcesBuildPhase section */
		EC2E3FBC2A54766C00E1ED8D /* Resources */ = {
			isa = PBXResourcesBuildPhase;
			buildActionMask = 2147483647;
			files = (
				EC2E3FC92A54766E00E1ED8D /* Preview Assets.xcassets in Resources */,
				EC2E3FC62A54766E00E1ED8D /* Assets.xcassets in Resources */,
			);
			runOnlyForDeploymentPostprocessing = 0;
		};
/* End PBXResourcesBuildPhase section */

/* Begin PBXSourcesBuildPhase section */
		EC2E3FBA2A54766C00E1ED8D /* Sources */ = {
			isa = PBXSourcesBuildPhase;
			buildActionMask = 2147483647;
			files = (
				EC2E3FD52A547B2A00E1ED8D /* DataController.swift in Sources */,
				EC2E3FDB2A55D0AA00E1ED8D /* DetailView.swift in Sources */,
				EC2E3FC42A54766C00E1ED8D /* ContentView.swift in Sources */,
				EC2E3FD92A54806A00E1ED8D /* EmojiRatingView.swift in Sources */,
				EC2E3FD12A54767B00E1ED8D /* Bookworm.xcdatamodeld in Sources */,
				EC2E3FD72A547E5300E1ED8D /* RatingView.swift in Sources */,
				EC2E3FC22A54766C00E1ED8D /* BookwormApp.swift in Sources */,
				EC2E3FD32A54782500E1ED8D /* AddBookView.swift in Sources */,
			);
			runOnlyForDeploymentPostprocessing = 0;
		};
/* End PBXSourcesBuildPhase section */

/* Begin XCBuildConfiguration section */
		EC2E3FCA2A54766E00E1ED8D /* Debug */ = {
			isa = XCBuildConfiguration;
			buildSettings = {
				ALWAYS_SEARCH_USER_PATHS = NO;
				CLANG_ANALYZER_NONNULL = YES;
				CLANG_ANALYZER_NUMBER_OBJECT_CONVERSION = YES_AGGRESSIVE;
				CLANG_CXX_LANGUAGE_STANDARD = "gnu++20";
				CLANG_ENABLE_MODULES = YES;
				CLANG_ENABLE_OBJC_ARC = YES;
				CLANG_ENABLE_OBJC_WEAK = YES;
				CLANG_WARN_BLOCK_CAPTURE_AUTORELEASING = YES;
				CLANG_WARN_BOOL_CONVERSION = YES;
				CLANG_WARN_COMMA = YES;
				CLANG_WARN_CONSTANT_CONVERSION = YES;
				CLANG_WARN_DEPRECATED_OBJC_IMPLEMENTATIONS = YES;
				CLANG_WARN_DIRECT_OBJC_ISA_USAGE = YES_ERROR;
				CLANG_WARN_DOCUMENTATION_COMMENTS = YES;
				CLANG_WARN_EMPTY_BODY = YES;
				CLANG_WARN_ENUM_CONVERSION = YES;
				CLANG_WARN_INFINITE_RECURSION = YES;
				CLANG_WARN_INT_CONVERSION = YES;
				CLANG_WARN_NON_LITERAL_NULL_CONVERSION = YES;
				CLANG_WARN_OBJC_IMPLICIT_RETAIN_SELF = YES;
				CLANG_WARN_OBJC_LITERAL_CONVERSION = YES;
				CLANG_WARN_OBJC_ROOT_CLASS = YES_ERROR;
				CLANG_WARN_QUOTED_INCLUDE_IN_FRAMEWORK_HEADER = YES;
				CLANG_WARN_RANGE_LOOP_ANALYSIS = YES;
				CLANG_WARN_STRICT_PROTOTYPES = YES;
				CLANG_WARN_SUSPICIOUS_MOVE = YES;
				CLANG_WARN_UNGUARDED_AVAILABILITY = YES_AGGRESSIVE;
				CLANG_WARN_UNREACHABLE_CODE = YES;
				CLANG_WARN__DUPLICATE_METHOD_MATCH = YES;
				COPY_PHASE_STRIP = NO;
				DEBUG_INFORMATION_FORMAT = dwarf;
				ENABLE_STRICT_OBJC_MSGSEND = YES;
				ENABLE_TESTABILITY = YES;
				GCC_C_LANGUAGE_STANDARD = gnu11;
				GCC_DYNAMIC_NO_PIC = NO;
				GCC_NO_COMMON_BLOCKS = YES;
				GCC_OPTIMIZATION_LEVEL = 0;
				GCC_PREPROCESSOR_DEFINITIONS = (
					"DEBUG=1",
					"$(inherited)",
				);
				GCC_WARN_64_TO_32_BIT_CONVERSION = YES;
				GCC_WARN_ABOUT_RETURN_TYPE = YES_ERROR;
				GCC_WARN_UNDECLARED_SELECTOR = YES;
				GCC_WARN_UNINITIALIZED_AUTOS = YES_AGGRESSIVE;
				GCC_WARN_UNUSED_FUNCTION = YES;
				GCC_WARN_UNUSED_VARIABLE = YES;
				IPHONEOS_DEPLOYMENT_TARGET = 16.4;
				MTL_ENABLE_DEBUG_INFO = INCLUDE_SOURCE;
				MTL_FAST_MATH = YES;
				ONLY_ACTIVE_ARCH = YES;
				SDKROOT = iphoneos;
				SWIFT_ACTIVE_COMPILATION_CONDITIONS = DEBUG;
				SWIFT_OPTIMIZATION_LEVEL = "-Onone";
			};
			name = Debug;
		};
		EC2E3FCB2A54766E00E1ED8D /* Release */ = {
			isa = XCBuildConfiguration;
			buildSettings = {
				ALWAYS_SEARCH_USER_PATHS = NO;
				CLANG_ANALYZER_NONNULL = YES;
				CLANG_ANALYZER_NUMBER_OBJECT_CONVERSION = YES_AGGRESSIVE;
				CLANG_CXX_LANGUAGE_STANDARD = "gnu++20";
				CLANG_ENABLE_MODULES = YES;
				CLANG_ENABLE_OBJC_ARC = YES;
				CLANG_ENABLE_OBJC_WEAK = YES;
				CLANG_WARN_BLOCK_CAPTURE_AUTORELEASING = YES;
				CLANG_WARN_BOOL_CONVERSION = YES;
				CLANG_WARN_COMMA = YES;
				CLANG_WARN_CONSTANT_CONVERSION = YES;
				CLANG_WARN_DEPRECATED_OBJC_IMPLEMENTATIONS = YES;
				CLANG_WARN_DIRECT_OBJC_ISA_USAGE = YES_ERROR;
				CLANG_WARN_DOCUMENTATION_COMMENTS = YES;
				CLANG_WARN_EMPTY_BODY = YES;
				CLANG_WARN_ENUM_CONVERSION = YES;
				CLANG_WARN_INFINITE_RECURSION = YES;
				CLANG_WARN_INT_CONVERSION = YES;
				CLANG_WARN_NON_LITERAL_NULL_CONVERSION = YES;
				CLANG_WARN_OBJC_IMPLICIT_RETAIN_SELF = YES;
				CLANG_WARN_OBJC_LITERAL_CONVERSION = YES;
				CLANG_WARN_OBJC_ROOT_CLASS = YES_ERROR;
				CLANG_WARN_QUOTED_INCLUDE_IN_FRAMEWORK_HEADER = YES;
				CLANG_WARN_RANGE_LOOP_ANALYSIS = YES;
				CLANG_WARN_STRICT_PROTOTYPES = YES;
				CLANG_WARN_SUSPICIOUS_MOVE = YES;
				CLANG_WARN_UNGUARDED_AVAILABILITY = YES_AGGRESSIVE;
				CLANG_WARN_UNREACHABLE_CODE = YES;
				CLANG_WARN__DUPLICATE_METHOD_MATCH = YES;
				COPY_PHASE_STRIP = NO;
				DEBUG_INFORMATION_FORMAT = "dwarf-with-dsym";
				ENABLE_NS_ASSERTIONS = NO;
				ENABLE_STRICT_OBJC_MSGSEND = YES;
				GCC_C_LANGUAGE_STANDARD = gnu11;
				GCC_NO_COMMON_BLOCKS = YES;
				GCC_WARN_64_TO_32_BIT_CONVERSION = YES;
				GCC_WARN_ABOUT_RETURN_TYPE = YES_ERROR;
				GCC_WARN_UNDECLARED_SELECTOR = YES;
				GCC_WARN_UNINITIALIZED_AUTOS = YES_AGGRESSIVE;
				GCC_WARN_UNUSED_FUNCTION = YES;
				GCC_WARN_UNUSED_VARIABLE = YES;
				IPHONEOS_DEPLOYMENT_TARGET = 16.4;
				MTL_ENABLE_DEBUG_INFO = NO;
				MTL_FAST_MATH = YES;
				SDKROOT = iphoneos;
				SWIFT_COMPILATION_MODE = wholemodule;
				SWIFT_OPTIMIZATION_LEVEL = "-O";
				VALIDATE_PRODUCT = YES;
			};
			name = Release;
		};
		EC2E3FCD2A54766E00E1ED8D /* Debug */ = {
			isa = XCBuildConfiguration;
			buildSettings = {
				ASSETCATALOG_COMPILER_APPICON_NAME = AppIcon;
				ASSETCATALOG_COMPILER_GLOBAL_ACCENT_COLOR_NAME = AccentColor;
				CODE_SIGN_STYLE = Automatic;
				CURRENT_PROJECT_VERSION = 1;
				DEVELOPMENT_ASSET_PATHS = "\"Bookworm/Preview Content\"";
				DEVELOPMENT_TEAM = HH6R487583;
				ENABLE_PREVIEWS = YES;
				GENERATE_INFOPLIST_FILE = YES;
				INFOPLIST_KEY_UIApplicationSceneManifest_Generation = YES;
				INFOPLIST_KEY_UIApplicationSupportsIndirectInputEvents = YES;
				INFOPLIST_KEY_UILaunchScreen_Generation = YES;
				INFOPLIST_KEY_UISupportedInterfaceOrientations_iPad = "UIInterfaceOrientationPortrait UIInterfaceOrientationPortraitUpsideDown UIInterfaceOrientationLandscapeLeft UIInterfaceOrientationLandscapeRight";
				INFOPLIST_KEY_UISupportedInterfaceOrientations_iPhone = "UIInterfaceOrientationPortrait UIInterfaceOrientationLandscapeLeft UIInterfaceOrientationLandscapeRight";
				LD_RUNPATH_SEARCH_PATHS = (
					"$(inherited)",
					"@executable_path/Frameworks",
				);
				MARKETING_VERSION = 1.0;
				PRODUCT_BUNDLE_IDENTIFIER = "com.asknilesh.-bookworm.Bookworm";
				PRODUCT_NAME = "$(TARGET_NAME)";
				SWIFT_EMIT_LOC_STRINGS = YES;
				SWIFT_VERSION = 5.0;
				TARGETED_DEVICE_FAMILY = "1,2";
			};
			name = Debug;
		};
		EC2E3FCE2A54766E00E1ED8D /* Release */ = {
			isa = XCBuildConfiguration;
			buildSettings = {
				ASSETCATALOG_COMPILER_APPICON_NAME = AppIcon;
				ASSETCATALOG_COMPILER_GLOBAL_ACCENT_COLOR_NAME = AccentColor;
				CODE_SIGN_STYLE = Automatic;
				CURRENT_PROJECT_VERSION = 1;
				DEVELOPMENT_ASSET_PATHS = "\"Bookworm/Preview Content\"";
				DEVELOPMENT_TEAM = HH6R487583;
				ENABLE_PREVIEWS = YES;
				GENERATE_INFOPLIST_FILE = YES;
				INFOPLIST_KEY_UIApplicationSceneManifest_Generation = YES;
				INFOPLIST_KEY_UIApplicationSupportsIndirectInputEvents = YES;
				INFOPLIST_KEY_UILaunchScreen_Generation = YES;
				INFOPLIST_KEY_UISupportedInterfaceOrientations_iPad = "UIInterfaceOrientationPortrait UIInterfaceOrientationPortraitUpsideDown UIInterfaceOrientationLandscapeLeft UIInterfaceOrientationLandscapeRight";
				INFOPLIST_KEY_UISupportedInterfaceOrientations_iPhone = "UIInterfaceOrientationPortrait UIInterfaceOrientationLandscapeLeft UIInterfaceOrientationLandscapeRight";
				LD_RUNPATH_SEARCH_PATHS = (
					"$(inherited)",
					"@executable_path/Frameworks",
				);
				MARKETING_VERSION = 1.0;
				PRODUCT_BUNDLE_IDENTIFIER = "com.asknilesh.-bookworm.Bookworm";
				PRODUCT_NAME = "$(TARGET_NAME)";
				SWIFT_EMIT_LOC_STRINGS = YES;
				SWIFT_VERSION = 5.0;
				TARGETED_DEVICE_FAMILY = "1,2";
			};
			name = Release;
		};
/* End XCBuildConfiguration section */

/* Begin XCConfigurationList section */
		EC2E3FB92A54766C00E1ED8D /* Build configuration list for PBXProject "Bookworm" */ = {
			isa = XCConfigurationList;
			buildConfigurations = (
				EC2E3FCA2A54766E00E1ED8D /* Debug */,
				EC2E3FCB2A54766E00E1ED8D /* Release */,
			);
			defaultConfigurationIsVisible = 0;
			defaultConfigurationName = Release;
		};
		EC2E3FCC2A54766E00E1ED8D /* Build configuration list for PBXNativeTarget "Bookworm" */ = {
			isa = XCConfigurationList;
			buildConfigurations = (
				EC2E3FCD2A54766E00E1ED8D /* Debug */,
				EC2E3FCE2A54766E00E1ED8D /* Release */,
			);
			defaultConfigurationIsVisible = 0;
			defaultConfigurationName = Release;
		};
/* End XCConfigurationList section */

/* Begin XCVersionGroup section */
		EC2E3FCF2A54767B00E1ED8D /* Bookworm.xcdatamodeld */ = {
			isa = XCVersionGroup;
			children = (
				EC2E3FD02A54767B00E1ED8D /* Bookworm.xcdatamodel */,
			);
			currentVersion = EC2E3FD02A54767B00E1ED8D /* Bookworm.xcdatamodel */;
			path = Bookworm.xcdatamodeld;
			sourceTree = "<group>";
			versionGroupType = wrapper.xcdatamodel;
		};
/* End XCVersionGroup section */
	};
	rootObject = EC2E3FB62A54766C00E1ED8D /* Project object */;
}
